
Microsoft Visual Studio Solution File, Format Version 12.00
# Visual Studio 2012
Project("{8BC9CEB8-8B4A-11D0-8D11-00A0C91BC942}") = "JStormLib", "JStormLib\JStormLib.vcxproj", "{147893D8-5108-47D2-8F75-7BE7EE003202}"
	ProjectSection(ProjectDependencies) = postProject
		{7E48B06C-92B8-499B-9217-C137EC458D40} = {7E48B06C-92B8-499B-9217-C137EC458D40}
	EndProjectSection
EndProject
Project("{8BC9CEB8-8B4A-11D0-8D11-00A0C91BC942}") = "JNIHelper", "JNIHelper\JNIHelper.vcxproj", "{7E48B06C-92B8-499B-9217-C137EC458D40}"
EndProject
Global
	GlobalSection(SolutionConfigurationPlatforms) = preSolution
		Debug|Mixed Platforms = Debug|Mixed Platforms
		Debug|Win32 = Debug|Win32
		Debug|Win64 = Debug|Win64
		DebugAD|Mixed Platforms = DebugAD|Mixed Platforms
		DebugAD|Win32 = DebugAD|Win32
		DebugAD|Win64 = DebugAD|Win64
		DebugAS|Mixed Platforms = DebugAS|Mixed Platforms
		DebugAS|Win32 = DebugAS|Win32
		DebugAS|Win64 = DebugAS|Win64
		DebugUD|Mixed Platforms = DebugUD|Mixed Platforms
		DebugUD|Win32 = DebugUD|Win32
		DebugUD|Win64 = DebugUD|Win64
		DebugUS|Mixed Platforms = DebugUS|Mixed Platforms
		DebugUS|Win32 = DebugUS|Win32
		DebugUS|Win64 = DebugUS|Win64
		Release|Mixed Platforms = Release|Mixed Platforms
		Release|Win32 = Release|Win32
		Release|Win64 = Release|Win64
		ReleaseAD|Mixed Platforms = ReleaseAD|Mixed Platforms
		ReleaseAD|Win32 = ReleaseAD|Win32
		ReleaseAD|Win64 = ReleaseAD|Win64
		ReleaseAS|Mixed Platforms = ReleaseAS|Mixed Platforms
		ReleaseAS|Win32 = ReleaseAS|Win32
		ReleaseAS|Win64 = ReleaseAS|Win64
		ReleaseUD|Mixed Platforms = ReleaseUD|Mixed Platforms
		ReleaseUD|Win32 = ReleaseUD|Win32
		ReleaseUD|Win64 = ReleaseUD|Win64
		ReleaseUS|Mixed Platforms = ReleaseUS|Mixed Platforms
		ReleaseUS|Win32 = ReleaseUS|Win32
		ReleaseUS|Win64 = ReleaseUS|Win64
	EndGlobalSection
	GlobalSection(ProjectConfigurationPlatforms) = postSolution
		{147893D8-5108-47D2-8F75-7BE7EE003202}.Debug|Mixed Platforms.ActiveCfg = DebugUS|Win32
		{147893D8-5108-47D2-8F75-7BE7EE003202}.Debug|Mixed Platforms.Build.0 = DebugUS|Win32
		{147893D8-5108-47D2-8F75-7BE7EE003202}.Debug|Win32.ActiveCfg = DebugUS|Win32
		{147893D8-5108-47D2-8F75-7BE7EE003202}.Debug|Win32.Build.0 = DebugUS|Win32
		{147893D8-5108-47D2-8F75-7BE7EE003202}.Debug|Win64.ActiveCfg = DebugUS|x64
		{147893D8-5108-47D2-8F75-7BE7EE003202}.Debug|Win64.Build.0 = DebugUS|x64
		{147893D8-5108-47D2-8F75-7BE7EE003202}.DebugAD|Mixed Platforms.ActiveCfg = DebugUD|Win32
		{147893D8-5108-47D2-8F75-7BE7EE003202}.DebugAD|Mixed Platforms.Build.0 = DebugUD|Win32
		{147893D8-5108-47D2-8F75-7BE7EE003202}.DebugAD|Win32.ActiveCfg = DebugUD|Win32
		{147893D8-5108-47D2-8F75-7BE7EE003202}.DebugAD|Win64.ActiveCfg = DebugUD|x64
		{147893D8-5108-47D2-8F75-7BE7EE003202}.DebugAS|Mixed Platforms.ActiveCfg = DebugUD|Win32
		{147893D8-5108-47D2-8F75-7BE7EE003202}.DebugAS|Mixed Platforms.Build.0 = DebugUD|Win32
		{147893D8-5108-47D2-8F75-7BE7EE003202}.DebugAS|Win32.ActiveCfg = DebugUS|Win32
		{147893D8-5108-47D2-8F75-7BE7EE003202}.DebugAS|Win64.ActiveCfg = DebugUD|Win32
		{147893D8-5108-47D2-8F75-7BE7EE003202}.DebugUD|Mixed Platforms.ActiveCfg = DebugUD|Win32
		{147893D8-5108-47D2-8F75-7BE7EE003202}.DebugUD|Mixed Platforms.Build.0 = DebugUD|Win32
		{147893D8-5108-47D2-8F75-7BE7EE003202}.DebugUD|Win32.ActiveCfg = DebugUD|Win32
		{147893D8-5108-47D2-8F75-7BE7EE003202}.DebugUD|Win32.Build.0 = DebugUD|Win32
		{147893D8-5108-47D2-8F75-7BE7EE003202}.DebugUD|Win64.ActiveCfg = DebugUD|x64
		{147893D8-5108-47D2-8F75-7BE7EE003202}.DebugUD|Win64.Build.0 = DebugUD|x64
		{147893D8-5108-47D2-8F75-7BE7EE003202}.DebugUS|Mixed Platforms.ActiveCfg = DebugUS|Win32
		{147893D8-5108-47D2-8F75-7BE7EE003202}.DebugUS|Mixed Platforms.Build.0 = DebugUS|Win32
		{147893D8-5108-47D2-8F75-7BE7EE003202}.DebugUS|Win32.ActiveCfg = DebugUS|Win32
		{147893D8-5108-47D2-8F75-7BE7EE003202}.DebugUS|Win32.Build.0 = DebugUS|Win32
		{147893D8-5108-47D2-8F75-7BE7EE003202}.DebugUS|Win64.ActiveCfg = DebugUS|x64
		{147893D8-5108-47D2-8F75-7BE7EE003202}.DebugUS|Win64.Build.0 = DebugUS|x64
		{147893D8-5108-47D2-8F75-7BE7EE003202}.Release|Mixed Platforms.ActiveCfg = ReleaseUS|Win32
		{147893D8-5108-47D2-8F75-7BE7EE003202}.Release|Mixed Platforms.Build.0 = ReleaseUS|Win32
		{147893D8-5108-47D2-8F75-7BE7EE003202}.Release|Win32.ActiveCfg = ReleaseUS|Win32
		{147893D8-5108-47D2-8F75-7BE7EE003202}.Release|Win32.Build.0 = ReleaseUS|Win32
		{147893D8-5108-47D2-8F75-7BE7EE003202}.Release|Win64.ActiveCfg = ReleaseUS|x64
		{147893D8-5108-47D2-8F75-7BE7EE003202}.Release|Win64.Build.0 = ReleaseUS|x64
		{147893D8-5108-47D2-8F75-7BE7EE003202}.ReleaseAD|Mixed Platforms.ActiveCfg = ReleaseUD|Win32
		{147893D8-5108-47D2-8F75-7BE7EE003202}.ReleaseAD|Mixed Platforms.Build.0 = ReleaseUD|Win32
		{147893D8-5108-47D2-8F75-7BE7EE003202}.ReleaseAD|Win32.ActiveCfg = ReleaseUD|Win32
		{147893D8-5108-47D2-8F75-7BE7EE003202}.ReleaseAD|Win64.ActiveCfg = ReleaseUD|x64
		{147893D8-5108-47D2-8F75-7BE7EE003202}.ReleaseAS|Mixed Platforms.ActiveCfg = ReleaseUD|Win32
		{147893D8-5108-47D2-8F75-7BE7EE003202}.ReleaseAS|Mixed Platforms.Build.0 = ReleaseUD|Win32
		{147893D8-5108-47D2-8F75-7BE7EE003202}.ReleaseAS|Win32.ActiveCfg = ReleaseUS|Win32
		{147893D8-5108-47D2-8F75-7BE7EE003202}.ReleaseAS|Win64.ActiveCfg = ReleaseUS|x64
		{147893D8-5108-47D2-8F75-7BE7EE003202}.ReleaseUD|Mixed Platforms.ActiveCfg = ReleaseUD|Win32
		{147893D8-5108-47D2-8F75-7BE7EE003202}.ReleaseUD|Mixed Platforms.Build.0 = ReleaseUD|Win32
		{147893D8-5108-47D2-8F75-7BE7EE003202}.ReleaseUD|Win32.ActiveCfg = ReleaseUD|Win32
		{147893D8-5108-47D2-8F75-7BE7EE003202}.ReleaseUD|Win32.Build.0 = ReleaseUD|Win32
		{147893D8-5108-47D2-8F75-7BE7EE003202}.ReleaseUD|Win64.ActiveCfg = ReleaseUD|x64
		{147893D8-5108-47D2-8F75-7BE7EE003202}.ReleaseUD|Win64.Build.0 = ReleaseUD|x64
		{147893D8-5108-47D2-8F75-7BE7EE003202}.ReleaseUS|Mixed Platforms.ActiveCfg = ReleaseUS|Win32
		{147893D8-5108-47D2-8F75-7BE7EE003202}.ReleaseUS|Mixed Platforms.Build.0 = ReleaseUS|Win32
		{147893D8-5108-47D2-8F75-7BE7EE003202}.ReleaseUS|Win32.ActiveCfg = ReleaseUS|Win32
		{147893D8-5108-47D2-8F75-7BE7EE003202}.ReleaseUS|Win32.Build.0 = ReleaseUS|Win32
		{147893D8-5108-47D2-8F75-7BE7EE003202}.ReleaseUS|Win64.ActiveCfg = ReleaseUS|x64
		{147893D8-5108-47D2-8F75-7BE7EE003202}.ReleaseUS|Win64.Build.0 = ReleaseUS|x64
		{7E48B06C-92B8-499B-9217-C137EC458D40}.Debug|Mixed Platforms.ActiveCfg = DebugAD|Win32
		{7E48B06C-92B8-499B-9217-C137EC458D40}.Debug|Mixed Platforms.Build.0 = DebugAD|Win32
		{7E48B06C-92B8-499B-9217-C137EC458D40}.Debug|Win32.ActiveCfg = DebugUS|Win32
		{7E48B06C-92B8-499B-9217-C137EC458D40}.Debug|Win32.Build.0 = DebugUS|Win32
		{7E48B06C-92B8-499B-9217-C137EC458D40}.Debug|Win64.ActiveCfg = DebugAD|x64
		{7E48B06C-92B8-499B-9217-C137EC458D40}.Debug|Win64.Build.0 = DebugAD|x64
		{7E48B06C-92B8-499B-9217-C137EC458D40}.DebugAD|Mixed Platforms.ActiveCfg = DebugAD|Win32
		{7E48B06C-92B8-499B-9217-C137EC458D40}.DebugAD|Mixed Platforms.Build.0 = DebugAD|Win32
		{7E48B06C-92B8-499B-9217-C137EC458D40}.DebugAD|Win32.ActiveCfg = DebugAD|Win32
		{7E48B06C-92B8-499B-9217-C137EC458D40}.DebugAD|Win32.Build.0 = DebugAD|Win32
		{7E48B06C-92B8-499B-9217-C137EC458D40}.DebugAD|Win64.ActiveCfg = DebugAD|x64
		{7E48B06C-92B8-499B-9217-C137EC458D40}.DebugAD|Win64.Build.0 = DebugAD|x64
		{7E48B06C-92B8-499B-9217-C137EC458D40}.DebugAS|Mixed Platforms.ActiveCfg = DebugAS|Win32
		{7E48B06C-92B8-499B-9217-C137EC458D40}.DebugAS|Mixed Platforms.Build.0 = DebugAS|Win32
		{7E48B06C-92B8-499B-9217-C137EC458D40}.DebugAS|Win32.ActiveCfg = DebugAS|Win32
		{7E48B06C-92B8-499B-9217-C137EC458D40}.DebugAS|Win32.Build.0 = DebugAS|Win32
		{7E48B06C-92B8-499B-9217-C137EC458D40}.DebugAS|Win64.ActiveCfg = DebugAS|x64
		{7E48B06C-92B8-499B-9217-C137EC458D40}.DebugAS|Win64.Build.0 = DebugAS|x64
		{7E48B06C-92B8-499B-9217-C137EC458D40}.DebugUD|Mixed Platforms.ActiveCfg = DebugUD|Win32
		{7E48B06C-92B8-499B-9217-C137EC458D40}.DebugUD|Mixed Platforms.Build.0 = DebugUD|Win32
		{7E48B06C-92B8-499B-9217-C137EC458D40}.DebugUD|Win32.ActiveCfg = DebugUD|Win32
		{7E48B06C-92B8-499B-9217-C137EC458D40}.DebugUD|Win32.Build.0 = DebugUD|Win32
		{7E48B06C-92B8-499B-9217-C137EC458D40}.DebugUD|Win64.ActiveCfg = DebugUD|x64
		{7E48B06C-92B8-499B-9217-C137EC458D40}.DebugUD|Win64.Build.0 = DebugUD|x64
		{7E48B06C-92B8-499B-9217-C137EC458D40}.DebugUS|Mixed Platforms.ActiveCfg = DebugUS|Win32
		{7E48B06C-92B8-499B-9217-C137EC458D40}.DebugUS|Mixed Platforms.Build.0 = DebugUS|Win32
		{7E48B06C-92B8-499B-9217-C137EC458D40}.DebugUS|Win32.ActiveCfg = DebugUS|Win32
		{7E48B06C-92B8-499B-9217-C137EC458D40}.DebugUS|Win32.Build.0 = DebugUS|Win32
		{7E48B06C-92B8-499B-9217-C137EC458D40}.DebugUS|Win64.ActiveCfg = DebugUS|x64
		{7E48B06C-92B8-499B-9217-C137EC458D40}.DebugUS|Win64.Build.0 = DebugUS|x64
		{7E48B06C-92B8-499B-9217-C137EC458D40}.Release|Mixed Platforms.ActiveCfg = ReleaseUD|Win32
		{7E48B06C-92B8-499B-9217-C137EC458D40}.Release|Mixed Platforms.Build.0 = ReleaseUD|Win32
		{7E48B06C-92B8-499B-9217-C137EC458D40}.Release|Win32.ActiveCfg = ReleaseUS|Win32
		{7E48B06C-92B8-499B-9217-C137EC458D40}.Release|Win32.Build.0 = ReleaseUS|Win32
		{7E48B06C-92B8-499B-9217-C137EC458D40}.Release|Win64.ActiveCfg = ReleaseUD|x64
		{7E48B06C-92B8-499B-9217-C137EC458D40}.Release|Win64.Build.0 = ReleaseUD|x64
		{7E48B06C-92B8-499B-9217-C137EC458D40}.ReleaseAD|Mixed Platforms.ActiveCfg = ReleaseUD|Win32
		{7E48B06C-92B8-499B-9217-C137EC458D40}.ReleaseAD|Mixed Platforms.Build.0 = ReleaseUD|Win32
		{7E48B06C-92B8-499B-9217-C137EC458D40}.ReleaseAD|Win32.ActiveCfg = ReleaseAD|Win32
		{7E48B06C-92B8-499B-9217-C137EC458D40}.ReleaseAD|Win32.Build.0 = ReleaseAD|Win32
		{7E48B06C-92B8-499B-9217-C137EC458D40}.ReleaseAD|Win64.ActiveCfg = ReleaseAD|x64
		{7E48B06C-92B8-499B-9217-C137EC458D40}.ReleaseAD|Win64.Build.0 = ReleaseAD|x64
		{7E48B06C-92B8-499B-9217-C137EC458D40}.ReleaseAS|Mixed Platforms.ActiveCfg = ReleaseUD|Win32
		{7E48B06C-92B8-499B-9217-C137EC458D40}.ReleaseAS|Mixed Platforms.Build.0 = ReleaseUD|Win32
		{7E48B06C-92B8-499B-9217-C137EC458D40}.ReleaseAS|Win32.ActiveCfg = ReleaseAS|Win32
		{7E48B06C-92B8-499B-9217-C137EC458D40}.ReleaseAS|Win32.Build.0 = ReleaseAS|Win32
		{7E48B06C-92B8-499B-9217-C137EC458D40}.ReleaseAS|Win64.ActiveCfg = ReleaseAS|x64
		{7E48B06C-92B8-499B-9217-C137EC458D40}.ReleaseAS|Win64.Build.0 = ReleaseAS|x64
		{7E48B06C-92B8-499B-9217-C137EC458D40}.ReleaseUD|Mixed Platforms.ActiveCfg = ReleaseUD|Win32
		{7E48B06C-92B8-499B-9217-C137EC458D40}.ReleaseUD|Mixed Platforms.Build.0 = ReleaseUD|Win32
		{7E48B06C-92B8-499B-9217-C137EC458D40}.ReleaseUD|Win32.ActiveCfg = ReleaseUD|Win32
		{7E48B06C-92B8-499B-9217-C137EC458D40}.ReleaseUD|Win32.Build.0 = ReleaseUD|Win32
		{7E48B06C-92B8-499B-9217-C137EC458D40}.ReleaseUD|Win64.ActiveCfg = ReleaseUD|x64
		{7E48B06C-92B8-499B-9217-C137EC458D40}.ReleaseUD|Win64.Build.0 = ReleaseUD|x64
		{7E48B06C-92B8-499B-9217-C137EC458D40}.ReleaseUS|Mixed Platforms.ActiveCfg = ReleaseUS|Win32
		{7E48B06C-92B8-499B-9217-C137EC458D40}.ReleaseUS|Mixed Platforms.Build.0 = ReleaseUS|Win32
		{7E48B06C-92B8-499B-9217-C137EC458D40}.ReleaseUS|Win32.ActiveCfg = ReleaseUS|Win32
		{7E48B06C-92B8-499B-9217-C137EC458D40}.ReleaseUS|Win32.Build.0 = ReleaseUS|Win32
		{7E48B06C-92B8-499B-9217-C137EC458D40}.ReleaseUS|Win64.ActiveCfg = ReleaseUS|x64
		{7E48B06C-92B8-499B-9217-C137EC458D40}.ReleaseUS|Win64.Build.0 = ReleaseUS|x64
	EndGlobalSection
	GlobalSection(SolutionProperties) = preSolution
		HideSolutionNode = FALSE
	EndGlobalSection
EndGlobal
